
Microsoft Visual Studio Solution File, Format Version 12.00
# Visual Studio 15
VisualStudioVersion = 15.0.28307.902
MinimumVisualStudioVersion = 10.0.40219.1
Project("{8BC9CEB8-8B4A-11D0-8D11-00A0C91BC942}") = "HelloGitHub", "HelloGitHub\HelloGitHub.vcxproj", "{6F6D29A0-5924-45C4-A87D-8C5C3FE6B484}"
EndProject
Global
	GlobalSection(SolutionConfigurationPlatforms) = preSolution
		Debug|x64 = Debug|x64
		Debug|x86 = Debug|x86
		Release|x64 = Release|x64
		Release|x86 = Release|x86
	EndGlobalSection
	GlobalSection(ProjectConfigurationPlatforms) = postSolution
		{6F6D29A0-5924-45C4-A87D-8C5C3FE6B484}.Debug|x64.ActiveCfg = Debug|x64
		{6F6D29A0-5924-45C4-A87D-8C5C3FE6B484}.Debug|x64.Build.0 = Debug|x64
		{6F6D29A0-5924-45C4-A87D-8C5C3FE6B484}.Debug|x86.ActiveCfg = Debug|Win32
		{6F6D29A0-5924-45C4-A87D-8C5C3FE6B484}.Debug|x86.Build.0 = Debug|Win32
		{6F6D29A0-5924-45C4-A87D-8C5C3FE6B484}.Release|x64.ActiveCfg = Release|x64
		{6F6D29A0-5924-45C4-A87D-8C5C3FE6B484}.Release|x64.Build.0 = Release|x64
		{6F6D29A0-5924-45C4-A87D-8C5C3FE6B484}.Release|x86.ActiveCfg = Release|Win32
		{6F6D29A0-5924-45C4-A87D-8C5C3FE6B484}.Release|x86.Build.0 = Release|Win32
	EndGlobalSection
	GlobalSection(SolutionProperties) = preSolution
		HideSolutionNode = FALSE
	EndGlobalSection
	GlobalSection(ExtensibilityGlobals) = postSolution
		SolutionGuid = {BCE361EB-17D2-43E7-B57E-C3382D6B715E}
	EndGlobalSection
EndGlobal
